
Microsoft Visual Studio Solution File, Format Version 12.00
# Visual Studio Version 16
VisualStudioVersion = 16.0.29911.84
MinimumVisualStudioVersion = 10.0.40219.1
Project("{FAE04EC0-301F-11D3-BF4B-00C04F79EFBC}") = "PacktDownload", "PacktDownload\PacktDownload.csproj", "{97BAE05A-5720-4292-885C-CB1845EE2A45}"
EndProject
Global
	GlobalSection(SolutionConfigurationPlatforms) = preSolution
		Debug|Any CPU = Debug|Any CPU
		Release|Any CPU = Release|Any CPU
	EndGlobalSection
	GlobalSection(ProjectConfigurationPlatforms) = postSolution
		{97BAE05A-5720-4292-885C-CB1845EE2A45}.Debug|Any CPU.ActiveCfg = Debug|Any CPU
		{97BAE05A-5720-4292-885C-CB1845EE2A45}.Debug|Any CPU.Build.0 = Debug|Any CPU
		{97BAE05A-5720-4292-885C-CB1845EE2A45}.Release|Any CPU.ActiveCfg = Release|Any CPU
		{97BAE05A-5720-4292-885C-CB1845EE2A45}.Release|Any CPU.Build.0 = Release|Any CPU
	EndGlobalSection
	GlobalSection(SolutionProperties) = preSolution
		HideSolutionNode = FALSE
	EndGlobalSection
	GlobalSection(ExtensibilityGlobals) = postSolution
		SolutionGuid = {4619609F-6D43-4E67-AFC1-76B15E2247D6}
	EndGlobalSection
EndGlobal
